// !$*UTF8*$!
{
	archiveVersion = 1;
	classes = {
	};
	objectVersion = 77;
	objects = {

/* Begin PBXBuildFile section */
		4D4EE05C2E36698E0021E6F2 /* YandexMobileMetrica in Frameworks */ = {isa = PBXBuildFile; productRef = 4D4EE05B2E36698E0021E6F2 /* YandexMobileMetrica */; };
		4D4EE05E2E36698E0021E6F2 /* YandexMobileMetricaCrashes in Frameworks */ = {isa = PBXBuildFile; productRef = 4D4EE05D2E36698E0021E6F2 /* YandexMobileMetricaCrashes */; };
		4D4EE0612E366A960021E6F2 /* AppMetricaCore in Frameworks */ = {isa = PBXBuildFile; productRef = 4D4EE0602E366A960021E6F2 /* AppMetricaCore */; };
		4D4EE0682E367C720021E6F2 /* AppMetricaCore in Frameworks */ = {isa = PBXBuildFile; productRef = 4D4EE0672E367C720021E6F2 /* AppMetricaCore */; };
		4D78F0702E33E06E00C5424A /* InlineSnapshotTesting in Frameworks */ = {isa = PBXBuildFile; productRef = 4D78F06F2E33E06E00C5424A /* InlineSnapshotTesting */; };
		4D78F0722E33E06E00C5424A /* SnapshotTesting in Frameworks */ = {isa = PBXBuildFile; productRef = 4D78F0712E33E06E00C5424A /* SnapshotTesting */; };
		4D78F0742E33E06E00C5424A /* SnapshotTestingCustomDump in Frameworks */ = {isa = PBXBuildFile; productRef = 4D78F0732E33E06E00C5424A /* SnapshotTestingCustomDump */; };
/* End PBXBuildFile section */

/* Begin PBXContainerItemProxy section */
		4D78F0692E33E03700C5424A /* PBXContainerItemProxy */ = {
			isa = PBXContainerItemProxy;
			containerPortal = 4D31D2DB2DE33CE200247EE9 /* Project object */;
			proxyType = 1;
			remoteGlobalIDString = 4D31D2E22DE33CE200247EE9;
			remoteInfo = Tracker;
		};
/* End PBXContainerItemProxy section */

/* Begin PBXFileReference section */
		4D31D2E32DE33CE200247EE9 /* Tracker.app */ = {isa = PBXFileReference; explicitFileType = wrapper.application; includeInIndex = 0; path = Tracker.app; sourceTree = BUILT_PRODUCTS_DIR; };
		4D78F0632E33E03700C5424A /* TrackerUITests.xctest */ = {isa = PBXFileReference; explicitFileType = wrapper.cfbundle; includeInIndex = 0; path = TrackerUITests.xctest; sourceTree = BUILT_PRODUCTS_DIR; };
/* End PBXFileReference section */

/* Begin PBXFileSystemSynchronizedBuildFileExceptionSet section */
		4D31D2F52DE33CE300247EE9 /* Exceptions for "Tracker" folder in "Tracker" target */ = {
			isa = PBXFileSystemSynchronizedBuildFileExceptionSet;
			membershipExceptions = (
				Info.plist,
			);
			target = 4D31D2E22DE33CE200247EE9 /* Tracker */;
		};
/* End PBXFileSystemSynchronizedBuildFileExceptionSet section */

/* Begin PBXFileSystemSynchronizedRootGroup section */
		4D31D2E52DE33CE200247EE9 /* Tracker */ = {
			isa = PBXFileSystemSynchronizedRootGroup;
			exceptions = (
				4D31D2F52DE33CE300247EE9 /* Exceptions for "Tracker" folder in "Tracker" target */,
			);
			path = Tracker;
			sourceTree = "<group>";
		};
		4D78F0642E33E03700C5424A /* TrackerUITests */ = {
			isa = PBXFileSystemSynchronizedRootGroup;
			path = TrackerUITests;
			sourceTree = "<group>";
		};
/* End PBXFileSystemSynchronizedRootGroup section */

/* Begin PBXFrameworksBuildPhase section */
		4D31D2E02DE33CE200247EE9 /* Frameworks */ = {
			isa = PBXFrameworksBuildPhase;
			buildActionMask = 2147483647;
			files = (
				4D4EE0612E366A960021E6F2 /* AppMetricaCore in Frameworks */,
				4D4EE05C2E36698E0021E6F2 /* YandexMobileMetrica in Frameworks */,
				4D4EE05E2E36698E0021E6F2 /* YandexMobileMetricaCrashes in Frameworks */,
			);
			runOnlyForDeploymentPostprocessing = 0;
		};
		4D78F0602E33E03700C5424A /* Frameworks */ = {
			isa = PBXFrameworksBuildPhase;
			buildActionMask = 2147483647;
			files = (
				4D78F0742E33E06E00C5424A /* SnapshotTestingCustomDump in Frameworks */,
				4D4EE0682E367C720021E6F2 /* AppMetricaCore in Frameworks */,
				4D78F0702E33E06E00C5424A /* InlineSnapshotTesting in Frameworks */,
				4D78F0722E33E06E00C5424A /* SnapshotTesting in Frameworks */,
			);
			runOnlyForDeploymentPostprocessing = 0;
		};
/* End PBXFrameworksBuildPhase section */

/* Begin PBXGroup section */
		4D31D2DA2DE33CE200247EE9 = {
			isa = PBXGroup;
			children = (
				4D31D2E52DE33CE200247EE9 /* Tracker */,
				4D78F0642E33E03700C5424A /* TrackerUITests */,
				4D4EE0662E367C720021E6F2 /* Frameworks */,
				4D31D2E42DE33CE200247EE9 /* Products */,
			);
			sourceTree = "<group>";
		};
		4D31D2E42DE33CE200247EE9 /* Products */ = {
			isa = PBXGroup;
			children = (
				4D31D2E32DE33CE200247EE9 /* Tracker.app */,
				4D78F0632E33E03700C5424A /* TrackerUITests.xctest */,
			);
			name = Products;
			sourceTree = "<group>";
		};
		4D4EE0662E367C720021E6F2 /* Frameworks */ = {
			isa = PBXGroup;
			children = (
			);
			name = Frameworks;
			sourceTree = "<group>";
		};
/* End PBXGroup section */

/* Begin PBXNativeTarget section */
		4D31D2E22DE33CE200247EE9 /* Tracker */ = {
			isa = PBXNativeTarget;
			buildConfigurationList = 4D31D2F62DE33CE300247EE9 /* Build configuration list for PBXNativeTarget "Tracker" */;
			buildPhases = (
				4D31D2DF2DE33CE200247EE9 /* Sources */,
				4D31D2E02DE33CE200247EE9 /* Frameworks */,
				4D31D2E12DE33CE200247EE9 /* Resources */,
			);
			buildRules = (
			);
			dependencies = (
			);
			fileSystemSynchronizedGroups = (
				4D31D2E52DE33CE200247EE9 /* Tracker */,
			);
			name = Tracker;
			packageProductDependencies = (
				4D4EE05B2E36698E0021E6F2 /* YandexMobileMetrica */,
				4D4EE05D2E36698E0021E6F2 /* YandexMobileMetricaCrashes */,
				4D4EE0602E366A960021E6F2 /* AppMetricaCore */,
			);
			productName = Tracker;
			productReference = 4D31D2E32DE33CE200247EE9 /* Tracker.app */;
			productType = "com.apple.product-type.application";
		};
		4D78F0622E33E03700C5424A /* TrackerUITests */ = {
			isa = PBXNativeTarget;
			buildConfigurationList = 4D78F06D2E33E03700C5424A /* Build configuration list for PBXNativeTarget "TrackerUITests" */;
			buildPhases = (
				4D78F05F2E33E03700C5424A /* Sources */,
				4D78F0602E33E03700C5424A /* Frameworks */,
				4D78F0612E33E03700C5424A /* Resources */,
			);
			buildRules = (
			);
			dependencies = (
				4D78F06A2E33E03700C5424A /* PBXTargetDependency */,
			);
			fileSystemSynchronizedGroups = (
				4D78F0642E33E03700C5424A /* TrackerUITests */,
			);
			name = TrackerUITests;
			packageProductDependencies = (
				4D78F06F2E33E06E00C5424A /* InlineSnapshotTesting */,
				4D78F0712E33E06E00C5424A /* SnapshotTesting */,
				4D78F0732E33E06E00C5424A /* SnapshotTestingCustomDump */,
				4D4EE0672E367C720021E6F2 /* AppMetricaCore */,
			);
			productName = TrackerUITests;
			productReference = 4D78F0632E33E03700C5424A /* TrackerUITests.xctest */;
			productType = "com.apple.product-type.bundle.ui-testing";
		};
/* End PBXNativeTarget section */

/* Begin PBXProject section */
		4D31D2DB2DE33CE200247EE9 /* Project object */ = {
			isa = PBXProject;
			attributes = {
				BuildIndependentTargetsInParallel = 1;
				LastSwiftUpdateCheck = 1630;
				LastUpgradeCheck = 1630;
				TargetAttributes = {
					4D31D2E22DE33CE200247EE9 = {
						CreatedOnToolsVersion = 16.3;
					};
					4D78F0622E33E03700C5424A = {
						CreatedOnToolsVersion = 16.3;
						TestTargetID = 4D31D2E22DE33CE200247EE9;
					};
				};
			};
			buildConfigurationList = 4D31D2DE2DE33CE200247EE9 /* Build configuration list for PBXProject "Tracker" */;
			developmentRegion = en;
			hasScannedForEncodings = 0;
			knownRegions = (
				en,
				Base,
				ru,
			);
			mainGroup = 4D31D2DA2DE33CE200247EE9;
			minimizedProjectReferenceProxies = 1;
			packageReferences = (
				4D78F06E2E33E06E00C5424A /* XCRemoteSwiftPackageReference "swift-snapshot-testing" */,
				4D4EE05A2E36698E0021E6F2 /* XCRemoteSwiftPackageReference "metrica-sdk-ios" */,
				4D4EE05F2E366A960021E6F2 /* XCRemoteSwiftPackageReference "appmetrica-sdk-ios" */,
			);
			preferredProjectObjectVersion = 77;
			productRefGroup = 4D31D2E42DE33CE200247EE9 /* Products */;
			projectDirPath = "";
			projectRoot = "";
			targets = (
				4D31D2E22DE33CE200247EE9 /* Tracker */,
				4D78F0622E33E03700C5424A /* TrackerUITests */,
			);
		};
/* End PBXProject section */

/* Begin PBXResourcesBuildPhase section */
		4D31D2E12DE33CE200247EE9 /* Resources */ = {
			isa = PBXResourcesBuildPhase;
			buildActionMask = 2147483647;
			files = (
			);
			runOnlyForDeploymentPostprocessing = 0;
		};
		4D78F0612E33E03700C5424A /* Resources */ = {
			isa = PBXResourcesBuildPhase;
			buildActionMask = 2147483647;
			files = (
			);
			runOnlyForDeploymentPostprocessing = 0;
		};
/* End PBXResourcesBuildPhase section */

/* Begin PBXSourcesBuildPhase section */
		4D31D2DF2DE33CE200247EE9 /* Sources */ = {
			isa = PBXSourcesBuildPhase;
			buildActionMask = 2147483647;
			files = (
			);
			runOnlyForDeploymentPostprocessing = 0;
		};
		4D78F05F2E33E03700C5424A /* Sources */ = {
			isa = PBXSourcesBuildPhase;
			buildActionMask = 2147483647;
			files = (
			);
			runOnlyForDeploymentPostprocessing = 0;
		};
/* End PBXSourcesBuildPhase section */

/* Begin PBXTargetDependency section */
		4D78F06A2E33E03700C5424A /* PBXTargetDependency */ = {
			isa = PBXTargetDependency;
			target = 4D31D2E22DE33CE200247EE9 /* Tracker */;
			targetProxy = 4D78F0692E33E03700C5424A /* PBXContainerItemProxy */;
		};
/* End PBXTargetDependency section */

/* Begin XCBuildConfiguration section */
		4D31D2F72DE33CE300247EE9 /* Debug */ = {
			isa = XCBuildConfiguration;
			buildSettings = {
				ASSETCATALOG_COMPILER_APPICON_NAME = AppIcon;
				ASSETCATALOG_COMPILER_GLOBAL_ACCENT_COLOR_NAME = AccentColor;
				CODE_SIGN_STYLE = Automatic;
				CURRENT_PROJECT_VERSION = 1;
				DEVELOPMENT_TEAM = BSZ8XQLR3B;
				GENERATE_INFOPLIST_FILE = YES;
				INFOPLIST_FILE = Tracker/Info.plist;
				INFOPLIST_KEY_UIApplicationSupportsIndirectInputEvents = YES;
				INFOPLIST_KEY_UILaunchStoryboardName = LaunchScreen;
				INFOPLIST_KEY_UISupportedInterfaceOrientations = UIInterfaceOrientationPortrait;
				INFOPLIST_KEY_UISupportedInterfaceOrientations_iPad = "UIInterfaceOrientationLandscapeLeft UIInterfaceOrientationLandscapeRight UIInterfaceOrientationPortrait UIInterfaceOrientationPortraitUpsideDown";
				IPHONEOS_DEPLOYMENT_TARGET = 13.4;
				LD_RUNPATH_SEARCH_PATHS = (
					"$(inherited)",
					"@executable_path/Frameworks",
				);
				MARKETING_VERSION = 1.0;
				PRODUCT_BUNDLE_IDENTIFIER = ru.praktikum.Tracker.Tracker;
				PRODUCT_NAME = "$(TARGET_NAME)";
				SUPPORTED_PLATFORMS = "iphoneos iphonesimulator";
				SUPPORTS_MACCATALYST = NO;
				SWIFT_EMIT_LOC_STRINGS = YES;
				SWIFT_VERSION = 5.0;
				TARGETED_DEVICE_FAMILY = 1;
			};
			name = Debug;
		};
		4D31D2F82DE33CE300247EE9 /* Release */ = {
			isa = XCBuildConfiguration;
			buildSettings = {
				ASSETCATALOG_COMPILER_APPICON_NAME = AppIcon;
				ASSETCATALOG_COMPILER_GLOBAL_ACCENT_COLOR_NAME = AccentColor;
				CODE_SIGN_STYLE = Automatic;
				CURRENT_PROJECT_VERSION = 1;
				DEVELOPMENT_TEAM = BSZ8XQLR3B;
				GENERATE_INFOPLIST_FILE = YES;
				INFOPLIST_FILE = Tracker/Info.plist;
				INFOPLIST_KEY_UIApplicationSupportsIndirectInputEvents = YES;
				INFOPLIST_KEY_UILaunchStoryboardName = LaunchScreen;
				INFOPLIST_KEY_UISupportedInterfaceOrientations = UIInterfaceOrientationPortrait;
				INFOPLIST_KEY_UISupportedInterfaceOrientations_iPad = "UIInterfaceOrientationLandscapeLeft UIInterfaceOrientationLandscapeRight UIInterfaceOrientationPortrait UIInterfaceOrientationPortraitUpsideDown";
				IPHONEOS_DEPLOYMENT_TARGET = 13.4;
				LD_RUNPATH_SEARCH_PATHS = (
					"$(inherited)",
					"@executable_path/Frameworks",
				);
				MARKETING_VERSION = 1.0;
				PRODUCT_BUNDLE_IDENTIFIER = ru.praktikum.Tracker.Tracker;
				PRODUCT_NAME = "$(TARGET_NAME)";
				SUPPORTED_PLATFORMS = "iphoneos iphonesimulator";
				SUPPORTS_MACCATALYST = NO;
				SWIFT_EMIT_LOC_STRINGS = YES;
				SWIFT_VERSION = 5.0;
				TARGETED_DEVICE_FAMILY = 1;
			};
			name = Release;
		};
		4D31D2F92DE33CE300247EE9 /* Debug */ = {
			isa = XCBuildConfiguration;
			buildSettings = {
				ALWAYS_SEARCH_USER_PATHS = NO;
				ASSETCATALOG_COMPILER_GENERATE_SWIFT_ASSET_SYMBOL_EXTENSIONS = YES;
				CLANG_ANALYZER_LOCALIZABILITY_NONLOCALIZED = YES;
				CLANG_ANALYZER_NONNULL = YES;
				CLANG_ANALYZER_NUMBER_OBJECT_CONVERSION = YES_AGGRESSIVE;
				CLANG_CXX_LANGUAGE_STANDARD = "gnu++20";
				CLANG_ENABLE_MODULES = YES;
				CLANG_ENABLE_OBJC_ARC = YES;
				CLANG_ENABLE_OBJC_WEAK = YES;
				CLANG_WARN_BLOCK_CAPTURE_AUTORELEASING = YES;
				CLANG_WARN_BOOL_CONVERSION = YES;
				CLANG_WARN_COMMA = YES;
				CLANG_WARN_CONSTANT_CONVERSION = YES;
				CLANG_WARN_DEPRECATED_OBJC_IMPLEMENTATIONS = YES;
				CLANG_WARN_DIRECT_OBJC_ISA_USAGE = YES_ERROR;
				CLANG_WARN_DOCUMENTATION_COMMENTS = YES;
				CLANG_WARN_EMPTY_BODY = YES;
				CLANG_WARN_ENUM_CONVERSION = YES;
				CLANG_WARN_INFINITE_RECURSION = YES;
				CLANG_WARN_INT_CONVERSION = YES;
				CLANG_WARN_NON_LITERAL_NULL_CONVERSION = YES;
				CLANG_WARN_OBJC_IMPLICIT_RETAIN_SELF = YES;
				CLANG_WARN_OBJC_LITERAL_CONVERSION = YES;
				CLANG_WARN_OBJC_ROOT_CLASS = YES_ERROR;
				CLANG_WARN_QUOTED_INCLUDE_IN_FRAMEWORK_HEADER = YES;
				CLANG_WARN_RANGE_LOOP_ANALYSIS = YES;
				CLANG_WARN_STRICT_PROTOTYPES = YES;
				CLANG_WARN_SUSPICIOUS_MOVE = YES;
				CLANG_WARN_UNGUARDED_AVAILABILITY = YES_AGGRESSIVE;
				CLANG_WARN_UNREACHABLE_CODE = YES;
				CLANG_WARN__DUPLICATE_METHOD_MATCH = YES;
				COPY_PHASE_STRIP = NO;
				DEBUG_INFORMATION_FORMAT = dwarf;
				DEVELOPMENT_TEAM = BSZ8XQLR3B;
				ENABLE_STRICT_OBJC_MSGSEND = YES;
				ENABLE_TESTABILITY = YES;
				ENABLE_USER_SCRIPT_SANDBOXING = YES;
				GCC_C_LANGUAGE_STANDARD = gnu17;
				GCC_DYNAMIC_NO_PIC = NO;
				GCC_NO_COMMON_BLOCKS = YES;
				GCC_OPTIMIZATION_LEVEL = 0;
				GCC_PREPROCESSOR_DEFINITIONS = (
					"DEBUG=1",
					"$(inherited)",
				);
				GCC_WARN_64_TO_32_BIT_CONVERSION = YES;
				GCC_WARN_ABOUT_RETURN_TYPE = YES_ERROR;
				GCC_WARN_UNDECLARED_SELECTOR = YES;
				GCC_WARN_UNINITIALIZED_AUTOS = YES_AGGRESSIVE;
				GCC_WARN_UNUSED_FUNCTION = YES;
				GCC_WARN_UNUSED_VARIABLE = YES;
				IPHONEOS_DEPLOYMENT_TARGET = 13.4;
				LOCALIZATION_PREFERS_STRING_CATALOGS = YES;
				MTL_ENABLE_DEBUG_INFO = INCLUDE_SOURCE;
				MTL_FAST_MATH = YES;
				ONLY_ACTIVE_ARCH = YES;
				SDKROOT = iphoneos;
				SWIFT_ACTIVE_COMPILATION_CONDITIONS = "DEBUG $(inherited)";
				SWIFT_OPTIMIZATION_LEVEL = "-Onone";
			};
			name = Debug;
		};
		4D31D2FA2DE33CE300247EE9 /* Release */ = {
			isa = XCBuildConfiguration;
			buildSettings = {
				ALWAYS_SEARCH_USER_PATHS = NO;
				ASSETCATALOG_COMPILER_GENERATE_SWIFT_ASSET_SYMBOL_EXTENSIONS = YES;
				CLANG_ANALYZER_LOCALIZABILITY_NONLOCALIZED = YES;
				CLANG_ANALYZER_NONNULL = YES;
				CLANG_ANALYZER_NUMBER_OBJECT_CONVERSION = YES_AGGRESSIVE;
				CLANG_CXX_LANGUAGE_STANDARD = "gnu++20";
				CLANG_ENABLE_MODULES = YES;
				CLANG_ENABLE_OBJC_ARC = YES;
				CLANG_ENABLE_OBJC_WEAK = YES;
				CLANG_WARN_BLOCK_CAPTURE_AUTORELEASING = YES;
				CLANG_WARN_BOOL_CONVERSION = YES;
				CLANG_WARN_COMMA = YES;
				CLANG_WARN_CONSTANT_CONVERSION = YES;
				CLANG_WARN_DEPRECATED_OBJC_IMPLEMENTATIONS = YES;
				CLANG_WARN_DIRECT_OBJC_ISA_USAGE = YES_ERROR;
				CLANG_WARN_DOCUMENTATION_COMMENTS = YES;
				CLANG_WARN_EMPTY_BODY = YES;
				CLANG_WARN_ENUM_CONVERSION = YES;
				CLANG_WARN_INFINITE_RECURSION = YES;
				CLANG_WARN_INT_CONVERSION = YES;
				CLANG_WARN_NON_LITERAL_NULL_CONVERSION = YES;
				CLANG_WARN_OBJC_IMPLICIT_RETAIN_SELF = YES;
				CLANG_WARN_OBJC_LITERAL_CONVERSION = YES;
				CLANG_WARN_OBJC_ROOT_CLASS = YES_ERROR;
				CLANG_WARN_QUOTED_INCLUDE_IN_FRAMEWORK_HEADER = YES;
				CLANG_WARN_RANGE_LOOP_ANALYSIS = YES;
				CLANG_WARN_STRICT_PROTOTYPES = YES;
				CLANG_WARN_SUSPICIOUS_MOVE = YES;
				CLANG_WARN_UNGUARDED_AVAILABILITY = YES_AGGRESSIVE;
				CLANG_WARN_UNREACHABLE_CODE = YES;
				CLANG_WARN__DUPLICATE_METHOD_MATCH = YES;
				COPY_PHASE_STRIP = NO;
				DEBUG_INFORMATION_FORMAT = "dwarf-with-dsym";
				DEVELOPMENT_TEAM = BSZ8XQLR3B;
				ENABLE_NS_ASSERTIONS = NO;
				ENABLE_STRICT_OBJC_MSGSEND = YES;
				ENABLE_USER_SCRIPT_SANDBOXING = YES;
				GCC_C_LANGUAGE_STANDARD = gnu17;
				GCC_NO_COMMON_BLOCKS = YES;
				GCC_WARN_64_TO_32_BIT_CONVERSION = YES;
				GCC_WARN_ABOUT_RETURN_TYPE = YES_ERROR;
				GCC_WARN_UNDECLARED_SELECTOR = YES;
				GCC_WARN_UNINITIALIZED_AUTOS = YES_AGGRESSIVE;
				GCC_WARN_UNUSED_FUNCTION = YES;
				GCC_WARN_UNUSED_VARIABLE = YES;
				IPHONEOS_DEPLOYMENT_TARGET = 13.4;
				LOCALIZATION_PREFERS_STRING_CATALOGS = YES;
				MTL_ENABLE_DEBUG_INFO = NO;
				MTL_FAST_MATH = YES;
				SDKROOT = iphoneos;
				SWIFT_COMPILATION_MODE = wholemodule;
				VALIDATE_PRODUCT = YES;
			};
			name = Release;
		};
		4D78F06B2E33E03700C5424A /* Debug */ = {
			isa = XCBuildConfiguration;
			buildSettings = {
				CODE_SIGN_STYLE = Automatic;
				CURRENT_PROJECT_VERSION = 1;
				DEVELOPMENT_TEAM = BSZ8XQLR3B;
				GENERATE_INFOPLIST_FILE = YES;
				IPHONEOS_DEPLOYMENT_TARGET = 18.4;
				MARKETING_VERSION = 1.0;
				PRODUCT_BUNDLE_IDENTIFIER = ru.praktikum.Tracker.TrackerUITests;
				PRODUCT_NAME = "$(TARGET_NAME)";
				SWIFT_EMIT_LOC_STRINGS = NO;
				SWIFT_VERSION = 5.0;
				TARGETED_DEVICE_FAMILY = "1,2";
				TEST_TARGET_NAME = Tracker;
			};
			name = Debug;
		};
		4D78F06C2E33E03700C5424A /* Release */ = {
			isa = XCBuildConfiguration;
			buildSettings = {
				CODE_SIGN_STYLE = Automatic;
				CURRENT_PROJECT_VERSION = 1;
				DEVELOPMENT_TEAM = BSZ8XQLR3B;
				GENERATE_INFOPLIST_FILE = YES;
				IPHONEOS_DEPLOYMENT_TARGET = 18.4;
				MARKETING_VERSION = 1.0;
				PRODUCT_BUNDLE_IDENTIFIER = ru.praktikum.Tracker.TrackerUITests;
				PRODUCT_NAME = "$(TARGET_NAME)";
				SWIFT_EMIT_LOC_STRINGS = NO;
				SWIFT_VERSION = 5.0;
				TARGETED_DEVICE_FAMILY = "1,2";
				TEST_TARGET_NAME = Tracker;
			};
			name = Release;
		};
/* End XCBuildConfiguration section */

/* Begin XCConfigurationList section */
		4D31D2DE2DE33CE200247EE9 /* Build configuration list for PBXProject "Tracker" */ = {
			isa = XCConfigurationList;
			buildConfigurations = (
				4D31D2F92DE33CE300247EE9 /* Debug */,
				4D31D2FA2DE33CE300247EE9 /* Release */,
			);
			defaultConfigurationIsVisible = 0;
			defaultConfigurationName = Release;
		};
		4D31D2F62DE33CE300247EE9 /* Build configuration list for PBXNativeTarget "Tracker" */ = {
			isa = XCConfigurationList;
			buildConfigurations = (
				4D31D2F72DE33CE300247EE9 /* Debug */,
				4D31D2F82DE33CE300247EE9 /* Release */,
			);
			defaultConfigurationIsVisible = 0;
			defaultConfigurationName = Release;
		};
		4D78F06D2E33E03700C5424A /* Build configuration list for PBXNativeTarget "TrackerUITests" */ = {
			isa = XCConfigurationList;
			buildConfigurations = (
				4D78F06B2E33E03700C5424A /* Debug */,
				4D78F06C2E33E03700C5424A /* Release */,
			);
			defaultConfigurationIsVisible = 0;
			defaultConfigurationName = Release;
		};
/* End XCConfigurationList section */

/* Begin XCRemoteSwiftPackageReference section */
		4D4EE05A2E36698E0021E6F2 /* XCRemoteSwiftPackageReference "metrica-sdk-ios" */ = {
			isa = XCRemoteSwiftPackageReference;
			repositoryURL = "https://github.com/yandexmobile/metrica-sdk-ios";
			requirement = {
				kind = upToNextMajorVersion;
				minimumVersion = 4.5.2;
			};
		};
		4D4EE05F2E366A960021E6F2 /* XCRemoteSwiftPackageReference "appmetrica-sdk-ios" */ = {
			isa = XCRemoteSwiftPackageReference;
			repositoryURL = "https://github.com/appmetrica/appmetrica-sdk-ios";
			requirement = {
				kind = upToNextMajorVersion;
				minimumVersion = 5.11.2;
			};
		};
		4D78F06E2E33E06E00C5424A /* XCRemoteSwiftPackageReference "swift-snapshot-testing" */ = {
			isa = XCRemoteSwiftPackageReference;
			repositoryURL = "https://github.com/pointfreeco/swift-snapshot-testing";
			requirement = {
				kind = upToNextMajorVersion;
				minimumVersion = 1.18.6;
			};
		};
/* End XCRemoteSwiftPackageReference section */

/* Begin XCSwiftPackageProductDependency section */
		4D4EE05B2E36698E0021E6F2 /* YandexMobileMetrica */ = {
			isa = XCSwiftPackageProductDependency;
			package = 4D4EE05A2E36698E0021E6F2 /* XCRemoteSwiftPackageReference "metrica-sdk-ios" */;
			productName = YandexMobileMetrica;
		};
		4D4EE05D2E36698E0021E6F2 /* YandexMobileMetricaCrashes */ = {
			isa = XCSwiftPackageProductDependency;
			package = 4D4EE05A2E36698E0021E6F2 /* XCRemoteSwiftPackageReference "metrica-sdk-ios" */;
			productName = YandexMobileMetricaCrashes;
		};
		4D4EE0602E366A960021E6F2 /* AppMetricaCore */ = {
			isa = XCSwiftPackageProductDependency;
			package = 4D4EE05F2E366A960021E6F2 /* XCRemoteSwiftPackageReference "appmetrica-sdk-ios" */;
			productName = AppMetricaCore;
		};
		4D4EE0672E367C720021E6F2 /* AppMetricaCore */ = {
			isa = XCSwiftPackageProductDependency;
			package = 4D4EE05F2E366A960021E6F2 /* XCRemoteSwiftPackageReference "appmetrica-sdk-ios" */;
			productName = AppMetricaCore;
		};
		4D78F06F2E33E06E00C5424A /* InlineSnapshotTesting */ = {
			isa = XCSwiftPackageProductDependency;
			package = 4D78F06E2E33E06E00C5424A /* XCRemoteSwiftPackageReference "swift-snapshot-testing" */;
			productName = InlineSnapshotTesting;
		};
		4D78F0712E33E06E00C5424A /* SnapshotTesting */ = {
			isa = XCSwiftPackageProductDependency;
			package = 4D78F06E2E33E06E00C5424A /* XCRemoteSwiftPackageReference "swift-snapshot-testing" */;
			productName = SnapshotTesting;
		};
		4D78F0732E33E06E00C5424A /* SnapshotTestingCustomDump */ = {
			isa = XCSwiftPackageProductDependency;
			package = 4D78F06E2E33E06E00C5424A /* XCRemoteSwiftPackageReference "swift-snapshot-testing" */;
			productName = SnapshotTestingCustomDump;
		};
/* End XCSwiftPackageProductDependency section */
	};
	rootObject = 4D31D2DB2DE33CE200247EE9 /* Project object */;
}
